
Microsoft Visual Studio Solution File, Format Version 12.00
Project("{FAE04EC0-301F-11D3-BF4B-00C04F79EFBC}") = "APBD_k1_GrupaB", "APBD_k1_GrupaB.csproj", "{680BAF00-E819-49AB-9E34-AB42E5BEE27F}"
EndProject
Global
	GlobalSection(SolutionConfigurationPlatforms) = preSolution
		Debug|Any CPU = Debug|Any CPU
		Release|Any CPU = Release|Any CPU
	EndGlobalSection
	GlobalSection(ProjectConfigurationPlatforms) = postSolution
		{680BAF00-E819-49AB-9E34-AB42E5BEE27F}.Debug|Any CPU.ActiveCfg = Debug|Any CPU
		{680BAF00-E819-49AB-9E34-AB42E5BEE27F}.Debug|Any CPU.Build.0 = Debug|Any CPU
		{680BAF00-E819-49AB-9E34-AB42E5BEE27F}.Release|Any CPU.ActiveCfg = Release|Any CPU
		{680BAF00-E819-49AB-9E34-AB42E5BEE27F}.Release|Any CPU.Build.0 = Release|Any CPU
	EndGlobalSection
EndGlobal
